
Microsoft Visual Studio Solution File, Format Version 12.00
# Visual Studio Version 17
VisualStudioVersion = 17.5.33516.290
MinimumVisualStudioVersion = 10.0.40219.1
Project("{9A19103F-16F7-4668-BE54-9A1E7A4F7556}") = "Exercicio1", "Exercicio1\Exercicio1.csproj", "{95859DDA-8F9B-478B-9D0F-DA1938619CFF}"
EndProject
Project("{9A19103F-16F7-4668-BE54-9A1E7A4F7556}") = "Exercicio2", "Exercicio2\Exercicio2.csproj", "{7A9C08E6-B5AB-4F52-A40F-404128D050E5}"
EndProject
Project("{9A19103F-16F7-4668-BE54-9A1E7A4F7556}") = "Exercicio 3", "Exercicio 3\Exercicio 3.csproj", "{B0D0048F-735D-4954-8FE5-940C0323E0FC}"
EndProject
Project("{FAE04EC0-301F-11D3-BF4B-00C04F79EFBC}") = "Exercicio 4", "Exercicio 4\Exercicio 4.csproj", "{F3ACA165-AFBA-4175-AF3D-9729E5426362}"
EndProject
Global
	GlobalSection(SolutionConfigurationPlatforms) = preSolution
		Debug|Any CPU = Debug|Any CPU
		Release|Any CPU = Release|Any CPU
	EndGlobalSection
	GlobalSection(ProjectConfigurationPlatforms) = postSolution
		{95859DDA-8F9B-478B-9D0F-DA1938619CFF}.Debug|Any CPU.ActiveCfg = Debug|Any CPU
		{95859DDA-8F9B-478B-9D0F-DA1938619CFF}.Debug|Any CPU.Build.0 = Debug|Any CPU
		{95859DDA-8F9B-478B-9D0F-DA1938619CFF}.Release|Any CPU.ActiveCfg = Release|Any CPU
		{95859DDA-8F9B-478B-9D0F-DA1938619CFF}.Release|Any CPU.Build.0 = Release|Any CPU
		{7A9C08E6-B5AB-4F52-A40F-404128D050E5}.Debug|Any CPU.ActiveCfg = Debug|Any CPU
		{7A9C08E6-B5AB-4F52-A40F-404128D050E5}.Debug|Any CPU.Build.0 = Debug|Any CPU
		{7A9C08E6-B5AB-4F52-A40F-404128D050E5}.Release|Any CPU.ActiveCfg = Release|Any CPU
		{7A9C08E6-B5AB-4F52-A40F-404128D050E5}.Release|Any CPU.Build.0 = Release|Any CPU
		{B0D0048F-735D-4954-8FE5-940C0323E0FC}.Debug|Any CPU.ActiveCfg = Debug|Any CPU
		{B0D0048F-735D-4954-8FE5-940C0323E0FC}.Debug|Any CPU.Build.0 = Debug|Any CPU
		{B0D0048F-735D-4954-8FE5-940C0323E0FC}.Release|Any CPU.ActiveCfg = Release|Any CPU
		{B0D0048F-735D-4954-8FE5-940C0323E0FC}.Release|Any CPU.Build.0 = Release|Any CPU
		{F3ACA165-AFBA-4175-AF3D-9729E5426362}.Debug|Any CPU.ActiveCfg = Debug|Any CPU
		{F3ACA165-AFBA-4175-AF3D-9729E5426362}.Debug|Any CPU.Build.0 = Debug|Any CPU
		{F3ACA165-AFBA-4175-AF3D-9729E5426362}.Release|Any CPU.ActiveCfg = Release|Any CPU
		{F3ACA165-AFBA-4175-AF3D-9729E5426362}.Release|Any CPU.Build.0 = Release|Any CPU
	EndGlobalSection
	GlobalSection(SolutionProperties) = preSolution
		HideSolutionNode = FALSE
	EndGlobalSection
	GlobalSection(ExtensibilityGlobals) = postSolution
		SolutionGuid = {B396A357-1E09-4512-865D-0132A966C102}
	EndGlobalSection
EndGlobal
